
Microsoft Visual Studio Solution File, Format Version 12.00
# Visual Studio Version 17
VisualStudioVersion = 17.3.32929.385
MinimumVisualStudioVersion = 10.0.40219.1
Project("{FAE04EC0-301F-11D3-BF4B-00C04F79EFBC}") = "MunicipalityTax.API", "MunicipalityTax.API\MunicipalityTax.API.csproj", "{7D296A6C-D0F3-4837-9B52-7E1040136012}"
EndProject
Global
	GlobalSection(SolutionConfigurationPlatforms) = preSolution
		Debug|Any CPU = Debug|Any CPU
		Release|Any CPU = Release|Any CPU
	EndGlobalSection
	GlobalSection(ProjectConfigurationPlatforms) = postSolution
		{7D296A6C-D0F3-4837-9B52-7E1040136012}.Debug|Any CPU.ActiveCfg = Debug|Any CPU
		{7D296A6C-D0F3-4837-9B52-7E1040136012}.Debug|Any CPU.Build.0 = Debug|Any CPU
		{7D296A6C-D0F3-4837-9B52-7E1040136012}.Release|Any CPU.ActiveCfg = Release|Any CPU
		{7D296A6C-D0F3-4837-9B52-7E1040136012}.Release|Any CPU.Build.0 = Release|Any CPU
	EndGlobalSection
	GlobalSection(SolutionProperties) = preSolution
		HideSolutionNode = FALSE
	EndGlobalSection
	GlobalSection(ExtensibilityGlobals) = postSolution
		SolutionGuid = {72820C2E-FC86-466E-88A1-55BA255EF2AC}
	EndGlobalSection
EndGlobal
